<?xml version="1.0" encoding="UTF-8"?>
<Error><Code>NoSuchKey</Code><Message>The specified key does not exist.</Message><Key>e16ebb99-4a65-4193-82ce-118690e1af3d/55b5d2b1-85d0-4370-800a-9c8caca198ee/e.48882d59d5922f3a30eede8cbc5cdd2e6a27fe36d503139db4</Key><RequestId>4NJP1RX5ZQ07KSH9</RequestId><HostId>xaWCvHa0N1h3EtoN5Qvz0xT2IZA83rlkeV3So/75KKwfiDo/H9hTwdd/VNr15Tk4q4AvieBtWYk=</HostId></Error>